
Microsoft Visual Studio Solution File, Format Version 12.00
# Visual Studio Version 16
VisualStudioVersion = 25.0.1706.9
MinimumVisualStudioVersion = 10.0.40219.1
Project("{FAE04EC0-301F-11D3-BF4B-00C04F79EFBC}") = "slot_machine", "slot_machine\slot_machine.csproj", "{45BEF6D4-1C97-4362-8493-9F8AB133764A}"
EndProject
Global
	GlobalSection(SolutionConfigurationPlatforms) = preSolution
		Debug|Any CPU = Debug|Any CPU
		Release|Any CPU = Release|Any CPU
	EndGlobalSection
	GlobalSection(ProjectConfigurationPlatforms) = postSolution
		{45BEF6D4-1C97-4362-8493-9F8AB133764A}.Debug|Any CPU.ActiveCfg = Debug|Any CPU
		{45BEF6D4-1C97-4362-8493-9F8AB133764A}.Debug|Any CPU.Build.0 = Debug|Any CPU
		{45BEF6D4-1C97-4362-8493-9F8AB133764A}.Release|Any CPU.ActiveCfg = Release|Any CPU
		{45BEF6D4-1C97-4362-8493-9F8AB133764A}.Release|Any CPU.Build.0 = Release|Any CPU
	EndGlobalSection
	GlobalSection(SolutionProperties) = preSolution
		HideSolutionNode = FALSE
	EndGlobalSection
	GlobalSection(ExtensibilityGlobals) = postSolution
		SolutionGuid = {792A769E-1C0A-490A-8744-DD3990F3CFE2}
	EndGlobalSection
EndGlobal
